
Microsoft Visual Studio Solution File, Format Version 12.00
# Visual Studio Version 16
VisualStudioVersion = 16.0.30406.217
MinimumVisualStudioVersion = 10.0.40219.1
Project("{FAE04EC0-301F-11D3-BF4B-00C04F79EFBC}") = "TugasTiga1", "TugasTiga1\TugasTiga1.csproj", "{B953E060-7C50-4E0F-BFAA-BA19171B2E05}"
EndProject
Global
	GlobalSection(SolutionConfigurationPlatforms) = preSolution
		Debug|Any CPU = Debug|Any CPU
		Release|Any CPU = Release|Any CPU
	EndGlobalSection
	GlobalSection(ProjectConfigurationPlatforms) = postSolution
		{B953E060-7C50-4E0F-BFAA-BA19171B2E05}.Debug|Any CPU.ActiveCfg = Debug|Any CPU
		{B953E060-7C50-4E0F-BFAA-BA19171B2E05}.Debug|Any CPU.Build.0 = Debug|Any CPU
		{B953E060-7C50-4E0F-BFAA-BA19171B2E05}.Release|Any CPU.ActiveCfg = Release|Any CPU
		{B953E060-7C50-4E0F-BFAA-BA19171B2E05}.Release|Any CPU.Build.0 = Release|Any CPU
	EndGlobalSection
	GlobalSection(SolutionProperties) = preSolution
		HideSolutionNode = FALSE
	EndGlobalSection
	GlobalSection(ExtensibilityGlobals) = postSolution
		SolutionGuid = {57931685-FC3E-47DC-84C7-F0601407A866}
	EndGlobalSection
EndGlobal
